{
  "object": {
    "pins": [
      {
        "package": "Segment",
        "repositoryURL": "https://github.com/segmentio/analytics-swift",
        "state": {
          "branch": "main",
          "revision": "79fb17a5d4abf8f80e6a0935e57c7df7b670a6c0",
          "version": null
        }
      },
      {
        "package": "Sovran",
        "repositoryURL": "https://github.com/segmentio/Sovran-Swift.git",
        "state": {
          "branch": null,
          "revision": "944c17d7c46bd95fc37f09136cabd172be5b413b",
          "version": "1.0.3"
        }
      },
      {
        "package": "Optimizely",
        "repositoryURL": "https://github.com/optimizely/swift-sdk.git",
        "state": {
          "branch": null,
          "revision": "26c5b02b8889f4ae8d53627018023fc36a11ab9a",
          "version": "3.10.2"
        }
      }
    ]
  },
  "version": 1
}
